
Microsoft Visual Studio Solution File, Format Version 12.00
# Visual Studio 15
VisualStudioVersion = 15.0.27703.2000
MinimumVisualStudioVersion = 10.0.40219.1
Project("{9A19103F-16F7-4668-BE54-9A1E7A4F7556}") = "JK.Core.Core", "JK.Core.Core\JK.Core.Core.csproj", "{3447778E-D09F-407A-8F9E-8AC081BF4DF5}"
EndProject
Project("{9A19103F-16F7-4668-BE54-9A1E7A4F7556}") = "JK.Core.Data", "JK.Core.Data\JK.Core.Data.csproj", "{23DC2FE7-70CF-4151-975C-FF237114014B}"
EndProject
Project("{9A19103F-16F7-4668-BE54-9A1E7A4F7556}") = "JK.Core.API", "JK.Core.API\JK.Core.API.csproj", "{244E42B9-D150-4075-8D0B-7D5FD9B8D4ED}"
EndProject
Project("{9A19103F-16F7-4668-BE54-9A1E7A4F7556}") = "JK.Core.Extensions", "JK.Core.Extensions\JK.Core.Extensions.csproj", "{C1320D97-814C-4958-9A9F-8B5EDADC1EC5}"
EndProject
Project("{9A19103F-16F7-4668-BE54-9A1E7A4F7556}") = "JK.Core.MVC", "JK.Core.MVC\JK.Core.MVC.csproj", "{8A23508F-872C-44FF-AFF7-CBC2261E3F73}"
EndProject
Project("{2150E333-8FDC-42A3-9474-1A3956D46DE8}") = "Other", "Other", "{763EF673-94CC-41B2-BCE0-850F472AC9C4}"
EndProject
Project("{2150E333-8FDC-42A3-9474-1A3956D46DE8}") = "Common", "Common", "{A2F21CE0-A0FB-47F7-A957-9E1EF478F3B1}"
EndProject
Project("{2150E333-8FDC-42A3-9474-1A3956D46DE8}") = "Data", "Data", "{40D895F4-4D10-4496-BA72-E627DFDECF19}"
EndProject
Project("{2150E333-8FDC-42A3-9474-1A3956D46DE8}") = "Api", "Api", "{7C7FD3D5-E68D-4242-9EB0-2C4EF3AF6730}"
EndProject
Project("{2150E333-8FDC-42A3-9474-1A3956D46DE8}") = "Services", "Services", "{F696AA81-3B81-46E7-B830-4B969EBEA7A4}"
EndProject
Project("{2150E333-8FDC-42A3-9474-1A3956D46DE8}") = "CommonApi", "CommonApi", "{6CE3E58F-E0BC-4D89-AD21-4DA44FC36B2E}"
EndProject
Project("{9A19103F-16F7-4668-BE54-9A1E7A4F7556}") = "JK.Data", "JK.Data\JK.Data.csproj", "{DB2095F6-8654-4CF1-80B6-5B0D2B4A9F33}"
EndProject
Project("{9A19103F-16F7-4668-BE54-9A1E7A4F7556}") = "Jk.CommonApi.WebApi", "Jk.CommonApi.WebApi\Jk.CommonApi.WebApi.csproj", "{AD063702-9E7E-47F2-8475-25870B80C470}"
EndProject
Project("{9A19103F-16F7-4668-BE54-9A1E7A4F7556}") = "JK.CommonApi.Services", "JK.CommonApi.Services\JK.CommonApi.Services.csproj", "{43BA7E7D-CBB0-4B9E-8A34-C73B825DE1D2}"
EndProject
Project("{FAE04EC0-301F-11D3-BF4B-00C04F79EFBC}") = "JK.CommonApi.Domain", "JK.CommonApi.Domain\JK.CommonApi.Domain.csproj", "{61F657A7-1E31-419A-9942-33EC09888D42}"
EndProject
Project("{FAE04EC0-301F-11D3-BF4B-00C04F79EFBC}") = "JK.MysqlData", "JK.MysqlData\JK.MysqlData.csproj", "{FA295B3E-1686-469F-9F9A-F2F0564B0E67}"
EndProject
Global
	GlobalSection(SolutionConfigurationPlatforms) = preSolution
		Debug|Any CPU = Debug|Any CPU
		Release|Any CPU = Release|Any CPU
	EndGlobalSection
	GlobalSection(ProjectConfigurationPlatforms) = postSolution
		{3447778E-D09F-407A-8F9E-8AC081BF4DF5}.Debug|Any CPU.ActiveCfg = Debug|Any CPU
		{3447778E-D09F-407A-8F9E-8AC081BF4DF5}.Debug|Any CPU.Build.0 = Debug|Any CPU
		{3447778E-D09F-407A-8F9E-8AC081BF4DF5}.Release|Any CPU.ActiveCfg = Release|Any CPU
		{3447778E-D09F-407A-8F9E-8AC081BF4DF5}.Release|Any CPU.Build.0 = Release|Any CPU
		{23DC2FE7-70CF-4151-975C-FF237114014B}.Debug|Any CPU.ActiveCfg = Debug|Any CPU
		{23DC2FE7-70CF-4151-975C-FF237114014B}.Debug|Any CPU.Build.0 = Debug|Any CPU
		{23DC2FE7-70CF-4151-975C-FF237114014B}.Release|Any CPU.ActiveCfg = Release|Any CPU
		{23DC2FE7-70CF-4151-975C-FF237114014B}.Release|Any CPU.Build.0 = Release|Any CPU
		{244E42B9-D150-4075-8D0B-7D5FD9B8D4ED}.Debug|Any CPU.ActiveCfg = Debug|Any CPU
		{244E42B9-D150-4075-8D0B-7D5FD9B8D4ED}.Debug|Any CPU.Build.0 = Debug|Any CPU
		{244E42B9-D150-4075-8D0B-7D5FD9B8D4ED}.Release|Any CPU.ActiveCfg = Release|Any CPU
		{244E42B9-D150-4075-8D0B-7D5FD9B8D4ED}.Release|Any CPU.Build.0 = Release|Any CPU
		{C1320D97-814C-4958-9A9F-8B5EDADC1EC5}.Debug|Any CPU.ActiveCfg = Debug|Any CPU
		{C1320D97-814C-4958-9A9F-8B5EDADC1EC5}.Debug|Any CPU.Build.0 = Debug|Any CPU
		{C1320D97-814C-4958-9A9F-8B5EDADC1EC5}.Release|Any CPU.ActiveCfg = Release|Any CPU
		{C1320D97-814C-4958-9A9F-8B5EDADC1EC5}.Release|Any CPU.Build.0 = Release|Any CPU
		{8A23508F-872C-44FF-AFF7-CBC2261E3F73}.Debug|Any CPU.ActiveCfg = Debug|Any CPU
		{8A23508F-872C-44FF-AFF7-CBC2261E3F73}.Debug|Any CPU.Build.0 = Debug|Any CPU
		{8A23508F-872C-44FF-AFF7-CBC2261E3F73}.Release|Any CPU.ActiveCfg = Release|Any CPU
		{8A23508F-872C-44FF-AFF7-CBC2261E3F73}.Release|Any CPU.Build.0 = Release|Any CPU
		{DB2095F6-8654-4CF1-80B6-5B0D2B4A9F33}.Debug|Any CPU.ActiveCfg = Debug|Any CPU
		{DB2095F6-8654-4CF1-80B6-5B0D2B4A9F33}.Debug|Any CPU.Build.0 = Debug|Any CPU
		{DB2095F6-8654-4CF1-80B6-5B0D2B4A9F33}.Release|Any CPU.ActiveCfg = Release|Any CPU
		{DB2095F6-8654-4CF1-80B6-5B0D2B4A9F33}.Release|Any CPU.Build.0 = Release|Any CPU
		{AD063702-9E7E-47F2-8475-25870B80C470}.Debug|Any CPU.ActiveCfg = Debug|Any CPU
		{AD063702-9E7E-47F2-8475-25870B80C470}.Debug|Any CPU.Build.0 = Debug|Any CPU
		{AD063702-9E7E-47F2-8475-25870B80C470}.Release|Any CPU.ActiveCfg = Release|Any CPU
		{AD063702-9E7E-47F2-8475-25870B80C470}.Release|Any CPU.Build.0 = Release|Any CPU
		{43BA7E7D-CBB0-4B9E-8A34-C73B825DE1D2}.Debug|Any CPU.ActiveCfg = Debug|Any CPU
		{43BA7E7D-CBB0-4B9E-8A34-C73B825DE1D2}.Debug|Any CPU.Build.0 = Debug|Any CPU
		{43BA7E7D-CBB0-4B9E-8A34-C73B825DE1D2}.Release|Any CPU.ActiveCfg = Release|Any CPU
		{43BA7E7D-CBB0-4B9E-8A34-C73B825DE1D2}.Release|Any CPU.Build.0 = Release|Any CPU
		{61F657A7-1E31-419A-9942-33EC09888D42}.Debug|Any CPU.ActiveCfg = Debug|Any CPU
		{61F657A7-1E31-419A-9942-33EC09888D42}.Debug|Any CPU.Build.0 = Debug|Any CPU
		{61F657A7-1E31-419A-9942-33EC09888D42}.Release|Any CPU.ActiveCfg = Release|Any CPU
		{61F657A7-1E31-419A-9942-33EC09888D42}.Release|Any CPU.Build.0 = Release|Any CPU
		{FA295B3E-1686-469F-9F9A-F2F0564B0E67}.Debug|Any CPU.ActiveCfg = Debug|Any CPU
		{FA295B3E-1686-469F-9F9A-F2F0564B0E67}.Debug|Any CPU.Build.0 = Debug|Any CPU
		{FA295B3E-1686-469F-9F9A-F2F0564B0E67}.Release|Any CPU.ActiveCfg = Release|Any CPU
		{FA295B3E-1686-469F-9F9A-F2F0564B0E67}.Release|Any CPU.Build.0 = Release|Any CPU
	EndGlobalSection
	GlobalSection(SolutionProperties) = preSolution
		HideSolutionNode = FALSE
	EndGlobalSection
	GlobalSection(NestedProjects) = preSolution
		{40D895F4-4D10-4496-BA72-E627DFDECF19} = {A2F21CE0-A0FB-47F7-A957-9E1EF478F3B1}
		{7C7FD3D5-E68D-4242-9EB0-2C4EF3AF6730} = {A2F21CE0-A0FB-47F7-A957-9E1EF478F3B1}
		{F696AA81-3B81-46E7-B830-4B969EBEA7A4} = {A2F21CE0-A0FB-47F7-A957-9E1EF478F3B1}
		{6CE3E58F-E0BC-4D89-AD21-4DA44FC36B2E} = {7C7FD3D5-E68D-4242-9EB0-2C4EF3AF6730}
		{DB2095F6-8654-4CF1-80B6-5B0D2B4A9F33} = {40D895F4-4D10-4496-BA72-E627DFDECF19}
		{AD063702-9E7E-47F2-8475-25870B80C470} = {6CE3E58F-E0BC-4D89-AD21-4DA44FC36B2E}
		{43BA7E7D-CBB0-4B9E-8A34-C73B825DE1D2} = {6CE3E58F-E0BC-4D89-AD21-4DA44FC36B2E}
		{61F657A7-1E31-419A-9942-33EC09888D42} = {6CE3E58F-E0BC-4D89-AD21-4DA44FC36B2E}
		{FA295B3E-1686-469F-9F9A-F2F0564B0E67} = {40D895F4-4D10-4496-BA72-E627DFDECF19}
	EndGlobalSection
	GlobalSection(ExtensibilityGlobals) = postSolution
		SolutionGuid = {DA420B22-683A-46C2-8BF0-E57E13364A74}
	EndGlobalSection
EndGlobal
